// !$*UTF8*$!
{
	archiveVersion = 1;
	classes = {
	};
	objectVersion = 50;
	objects = {

/* Begin PBXBuildFile section */
		FB41098A2155E36800F90EA4 /* AppDelegate.swift in Sources */ = {isa = PBXBuildFile; fileRef = FB4109892155E36800F90EA4 /* AppDelegate.swift */; };
		FB41098C2155E36800F90EA4 /* ViewController.swift in Sources */ = {isa = PBXBuildFile; fileRef = FB41098B2155E36800F90EA4 /* ViewController.swift */; };
		FB41098F2155E36800F90EA4 /* Main.storyboard in Resources */ = {isa = PBXBuildFile; fileRef = FB41098D2155E36800F90EA4 /* Main.storyboard */; };
		FB4109912155E36800F90EA4 /* Assets.xcassets in Resources */ = {isa = PBXBuildFile; fileRef = FB4109902155E36800F90EA4 /* Assets.xcassets */; };
		FB4109942155E36800F90EA4 /* LaunchScreen.storyboard in Resources */ = {isa = PBXBuildFile; fileRef = FB4109922155E36800F90EA4 /* LaunchScreen.storyboard */; };
		FB41099E2155E3BB00F90EA4 /* SWRevealViewController.m in Sources */ = {isa = PBXBuildFile; fileRef = FB41099D2155E3BB00F90EA4 /* SWRevealViewController.m */; };
		FB4109A02155E5FB00F90EA4 /* HomeViewController.swift in Sources */ = {isa = PBXBuildFile; fileRef = FB41099F2155E5FB00F90EA4 /* HomeViewController.swift */; };
		FB4109A22155E80900F90EA4 /* MenuController.swift in Sources */ = {isa = PBXBuildFile; fileRef = FB4109A12155E80900F90EA4 /* MenuController.swift */; };
		FB4109A42155EDB600F90EA4 /* MenuCell.swift in Sources */ = {isa = PBXBuildFile; fileRef = FB4109A32155EDB600F90EA4 /* MenuCell.swift */; };
		FB4109A621570EB000F90EA4 /* MEssageViewController.swift in Sources */ = {isa = PBXBuildFile; fileRef = FB4109A521570EB000F90EA4 /* MEssageViewController.swift */; };
		FB4109A82157BE6200F90EA4 /* GradientView.swift in Sources */ = {isa = PBXBuildFile; fileRef = FB4109A72157BE6200F90EA4 /* GradientView.swift */; };
/* End PBXBuildFile section */

/* Begin PBXFileReference section */
		FB4109862155E36800F90EA4 /* NewSlideMenu.app */ = {isa = PBXFileReference; explicitFileType = wrapper.application; includeInIndex = 0; path = NewSlideMenu.app; sourceTree = BUILT_PRODUCTS_DIR; };
		FB4109892155E36800F90EA4 /* AppDelegate.swift */ = {isa = PBXFileReference; lastKnownFileType = sourcecode.swift; path = AppDelegate.swift; sourceTree = "<group>"; };
		FB41098B2155E36800F90EA4 /* ViewController.swift */ = {isa = PBXFileReference; lastKnownFileType = sourcecode.swift; path = ViewController.swift; sourceTree = "<group>"; };
		FB41098E2155E36800F90EA4 /* Base */ = {isa = PBXFileReference; lastKnownFileType = file.storyboard; name = Base; path = Base.lproj/Main.storyboard; sourceTree = "<group>"; };
		FB4109902155E36800F90EA4 /* Assets.xcassets */ = {isa = PBXFileReference; lastKnownFileType = folder.assetcatalog; path = Assets.xcassets; sourceTree = "<group>"; };
		FB4109932155E36800F90EA4 /* Base */ = {isa = PBXFileReference; lastKnownFileType = file.storyboard; name = Base; path = Base.lproj/LaunchScreen.storyboard; sourceTree = "<group>"; };
		FB4109952155E36800F90EA4 /* Info.plist */ = {isa = PBXFileReference; lastKnownFileType = text.plist.xml; path = Info.plist; sourceTree = "<group>"; };
		FB41099B2155E3BA00F90EA4 /* NewSlideMenu-Bridging-Header.h */ = {isa = PBXFileReference; lastKnownFileType = sourcecode.c.h; path = "NewSlideMenu-Bridging-Header.h"; sourceTree = "<group>"; };
		FB41099C2155E3BB00F90EA4 /* SWRevealViewController.h */ = {isa = PBXFileReference; fileEncoding = 4; lastKnownFileType = sourcecode.c.h; path = SWRevealViewController.h; sourceTree = "<group>"; };
		FB41099D2155E3BB00F90EA4 /* SWRevealViewController.m */ = {isa = PBXFileReference; fileEncoding = 4; lastKnownFileType = sourcecode.c.objc; path = SWRevealViewController.m; sourceTree = "<group>"; };
		FB41099F2155E5FB00F90EA4 /* HomeViewController.swift */ = {isa = PBXFileReference; lastKnownFileType = sourcecode.swift; path = HomeViewController.swift; sourceTree = "<group>"; };
		FB4109A12155E80900F90EA4 /* MenuController.swift */ = {isa = PBXFileReference; lastKnownFileType = sourcecode.swift; path = MenuController.swift; sourceTree = "<group>"; };
		FB4109A32155EDB600F90EA4 /* MenuCell.swift */ = {isa = PBXFileReference; lastKnownFileType = sourcecode.swift; path = MenuCell.swift; sourceTree = "<group>"; };
		FB4109A521570EB000F90EA4 /* MEssageViewController.swift */ = {isa = PBXFileReference; lastKnownFileType = sourcecode.swift; path = MEssageViewController.swift; sourceTree = "<group>"; };
		FB4109A72157BE6200F90EA4 /* GradientView.swift */ = {isa = PBXFileReference; lastKnownFileType = sourcecode.swift; path = GradientView.swift; sourceTree = "<group>"; };
/* End PBXFileReference section */

/* Begin PBXFrameworksBuildPhase section */
		FB4109832155E36800F90EA4 /* Frameworks */ = {
			isa = PBXFrameworksBuildPhase;
			buildActionMask = 2147483647;
			files = (
			);
			runOnlyForDeploymentPostprocessing = 0;
		};
/* End PBXFrameworksBuildPhase section */

/* Begin PBXGroup section */
		FB41097D2155E36800F90EA4 = {
			isa = PBXGroup;
			children = (
				FB4109882155E36800F90EA4 /* NewSlideMenu */,
				FB4109872155E36800F90EA4 /* Products */,
			);
			sourceTree = "<group>";
		};
		FB4109872155E36800F90EA4 /* Products */ = {
			isa = PBXGroup;
			children = (
				FB4109862155E36800F90EA4 /* NewSlideMenu.app */,
			);
			name = Products;
			sourceTree = "<group>";
		};
		FB4109882155E36800F90EA4 /* NewSlideMenu */ = {
			isa = PBXGroup;
			children = (
				FB4109892155E36800F90EA4 /* AppDelegate.swift */,
				FB41098B2155E36800F90EA4 /* ViewController.swift */,
				FB41099F2155E5FB00F90EA4 /* HomeViewController.swift */,
				FB4109A12155E80900F90EA4 /* MenuController.swift */,
				FB4109A72157BE6200F90EA4 /* GradientView.swift */,
				FB41098D2155E36800F90EA4 /* Main.storyboard */,
				FB4109A32155EDB600F90EA4 /* MenuCell.swift */,
				FB41099C2155E3BB00F90EA4 /* SWRevealViewController.h */,
				FB41099D2155E3BB00F90EA4 /* SWRevealViewController.m */,
				FB41099B2155E3BA00F90EA4 /* NewSlideMenu-Bridging-Header.h */,
				FB4109902155E36800F90EA4 /* Assets.xcassets */,
				FB4109922155E36800F90EA4 /* LaunchScreen.storyboard */,
				FB4109952155E36800F90EA4 /* Info.plist */,
				FB4109A521570EB000F90EA4 /* MEssageViewController.swift */,
			);
			path = NewSlideMenu;
			sourceTree = "<group>";
		};
/* End PBXGroup section */

/* Begin PBXNativeTarget section */
		FB4109852155E36800F90EA4 /* NewSlideMenu */ = {
			isa = PBXNativeTarget;
			buildConfigurationList = FB4109982155E36800F90EA4 /* Build configuration list for PBXNativeTarget "NewSlideMenu" */;
			buildPhases = (
				FB4109822155E36800F90EA4 /* Sources */,
				FB4109832155E36800F90EA4 /* Frameworks */,
				FB4109842155E36800F90EA4 /* Resources */,
			);
			buildRules = (
			);
			dependencies = (
			);
			name = NewSlideMenu;
			productName = NewSlideMenu;
			productReference = FB4109862155E36800F90EA4 /* NewSlideMenu.app */;
			productType = "com.apple.product-type.application";
		};
/* End PBXNativeTarget section */

/* Begin PBXProject section */
		FB41097E2155E36800F90EA4 /* Project object */ = {
			isa = PBXProject;
			attributes = {
				LastSwiftUpdateCheck = 1000;
				LastUpgradeCheck = 1000;
				ORGANIZATIONNAME = "David Cate";
				TargetAttributes = {
					FB4109852155E36800F90EA4 = {
						CreatedOnToolsVersion = 10.0;
						LastSwiftMigration = 1000;
					};
				};
			};
			buildConfigurationList = FB4109812155E36800F90EA4 /* Build configuration list for PBXProject "NewSlideMenu" */;
			compatibilityVersion = "Xcode 9.3";
			developmentRegion = en;
			hasScannedForEncodings = 0;
			knownRegions = (
				en,
				Base,
			);
			mainGroup = FB41097D2155E36800F90EA4;
			productRefGroup = FB4109872155E36800F90EA4 /* Products */;
			projectDirPath = "";
			projectRoot = "";
			targets = (
				FB4109852155E36800F90EA4 /* NewSlideMenu */,
			);
		};
/* End PBXProject section */

/* Begin PBXResourcesBuildPhase section */
		FB4109842155E36800F90EA4 /* Resources */ = {
			isa = PBXResourcesBuildPhase;
			buildActionMask = 2147483647;
			files = (
				FB4109942155E36800F90EA4 /* LaunchScreen.storyboard in Resources */,
				FB4109912155E36800F90EA4 /* Assets.xcassets in Resources */,
				FB41098F2155E36800F90EA4 /* Main.storyboard in Resources */,
			);
			runOnlyForDeploymentPostprocessing = 0;
		};
/* End PBXResourcesBuildPhase section */

/* Begin PBXSourcesBuildPhase section */
		FB4109822155E36800F90EA4 /* Sources */ = {
			isa = PBXSourcesBuildPhase;
			buildActionMask = 2147483647;
			files = (
				FB4109A22155E80900F90EA4 /* MenuController.swift in Sources */,
				FB4109A621570EB000F90EA4 /* MEssageViewController.swift in Sources */,
				FB41098C2155E36800F90EA4 /* ViewController.swift in Sources */,
				FB4109A42155EDB600F90EA4 /* MenuCell.swift in Sources */,
				FB41098A2155E36800F90EA4 /* AppDelegate.swift in Sources */,
				FB41099E2155E3BB00F90EA4 /* SWRevealViewController.m in Sources */,
				FB4109A82157BE6200F90EA4 /* GradientView.swift in Sources */,
				FB4109A02155E5FB00F90EA4 /* HomeViewController.swift in Sources */,
			);
			runOnlyForDeploymentPostprocessing = 0;
		};
/* End PBXSourcesBuildPhase section */

/* Begin PBXVariantGroup section */
		FB41098D2155E36800F90EA4 /* Main.storyboard */ = {
			isa = PBXVariantGroup;
			children = (
				FB41098E2155E36800F90EA4 /* Base */,
			);
			name = Main.storyboard;
			sourceTree = "<group>";
		};
		FB4109922155E36800F90EA4 /* LaunchScreen.storyboard */ = {
			isa = PBXVariantGroup;
			children = (
				FB4109932155E36800F90EA4 /* Base */,
			);
			name = LaunchScreen.storyboard;
			sourceTree = "<group>";
		};
/* End PBXVariantGroup section */

/* Begin XCBuildConfiguration section */
		FB4109962155E36800F90EA4 /* Debug */ = {
			isa = XCBuildConfiguration;
			buildSettings = {
				ALWAYS_SEARCH_USER_PATHS = NO;
				CLANG_ANALYZER_NONNULL = YES;
				CLANG_ANALYZER_NUMBER_OBJECT_CONVERSION = YES_AGGRESSIVE;
				CLANG_CXX_LANGUAGE_STANDARD = "gnu++14";
				CLANG_CXX_LIBRARY = "libc++";
				CLANG_ENABLE_MODULES = YES;
				CLANG_ENABLE_OBJC_ARC = YES;
				CLANG_ENABLE_OBJC_WEAK = YES;
				CLANG_WARN_BLOCK_CAPTURE_AUTORELEASING = YES;
				CLANG_WARN_BOOL_CONVERSION = YES;
				CLANG_WARN_COMMA = YES;
				CLANG_WARN_CONSTANT_CONVERSION = YES;
				CLANG_WARN_DEPRECATED_OBJC_IMPLEMENTATIONS = YES;
				CLANG_WARN_DIRECT_OBJC_ISA_USAGE = YES_ERROR;
				CLANG_WARN_DOCUMENTATION_COMMENTS = YES;
				CLANG_WARN_EMPTY_BODY = YES;
				CLANG_WARN_ENUM_CONVERSION = YES;
				CLANG_WARN_INFINITE_RECURSION = YES;
				CLANG_WARN_INT_CONVERSION = YES;
				CLANG_WARN_NON_LITERAL_NULL_CONVERSION = YES;
				CLANG_WARN_OBJC_IMPLICIT_RETAIN_SELF = YES;
				CLANG_WARN_OBJC_LITERAL_CONVERSION = YES;
				CLANG_WARN_OBJC_ROOT_CLASS = YES_ERROR;
				CLANG_WARN_RANGE_LOOP_ANALYSIS = YES;
				CLANG_WARN_STRICT_PROTOTYPES = YES;
				CLANG_WARN_SUSPICIOUS_MOVE = YES;
				CLANG_WARN_UNGUARDED_AVAILABILITY = YES_AGGRESSIVE;
				CLANG_WARN_UNREACHABLE_CODE = YES;
				CLANG_WARN__DUPLICATE_METHOD_MATCH = YES;
				CODE_SIGN_IDENTITY = "iPhone Developer";
				COPY_PHASE_STRIP = NO;
				DEBUG_INFORMATION_FORMAT = dwarf;
				ENABLE_STRICT_OBJC_MSGSEND = YES;
				ENABLE_TESTABILITY = YES;
				GCC_C_LANGUAGE_STANDARD = gnu11;
				GCC_DYNAMIC_NO_PIC = NO;
				GCC_NO_COMMON_BLOCKS = YES;
				GCC_OPTIMIZATION_LEVEL = 0;
				GCC_PREPROCESSOR_DEFINITIONS = (
					"DEBUG=1",
					"$(inherited)",
				);
				GCC_WARN_64_TO_32_BIT_CONVERSION = YES;
				GCC_WARN_ABOUT_RETURN_TYPE = YES_ERROR;
				GCC_WARN_UNDECLARED_SELECTOR = YES;
				GCC_WARN_UNINITIALIZED_AUTOS = YES_AGGRESSIVE;
				GCC_WARN_UNUSED_FUNCTION = YES;
				GCC_WARN_UNUSED_VARIABLE = YES;
				IPHONEOS_DEPLOYMENT_TARGET = 12.0;
				MTL_ENABLE_DEBUG_INFO = INCLUDE_SOURCE;
				MTL_FAST_MATH = YES;
				ONLY_ACTIVE_ARCH = YES;
				SDKROOT = iphoneos;
				SWIFT_ACTIVE_COMPILATION_CONDITIONS = DEBUG;
				SWIFT_OPTIMIZATION_LEVEL = "-Onone";
			};
			name = Debug;
		};
		FB4109972155E36800F90EA4 /* Release */ = {
			isa = XCBuildConfiguration;
			buildSettings = {
				ALWAYS_SEARCH_USER_PATHS = NO;
				CLANG_ANALYZER_NONNULL = YES;
				CLANG_ANALYZER_NUMBER_OBJECT_CONVERSION = YES_AGGRESSIVE;
				CLANG_CXX_LANGUAGE_STANDARD = "gnu++14";
				CLANG_CXX_LIBRARY = "libc++";
				CLANG_ENABLE_MODULES = YES;
				CLANG_ENABLE_OBJC_ARC = YES;
				CLANG_ENABLE_OBJC_WEAK = YES;
				CLANG_WARN_BLOCK_CAPTURE_AUTORELEASING = YES;
				CLANG_WARN_BOOL_CONVERSION = YES;
				CLANG_WARN_COMMA = YES;
				CLANG_WARN_CONSTANT_CONVERSION = YES;
				CLANG_WARN_DEPRECATED_OBJC_IMPLEMENTATIONS = YES;
				CLANG_WARN_DIRECT_OBJC_ISA_USAGE = YES_ERROR;
				CLANG_WARN_DOCUMENTATION_COMMENTS = YES;
				CLANG_WARN_EMPTY_BODY = YES;
				CLANG_WARN_ENUM_CONVERSION = YES;
				CLANG_WARN_INFINITE_RECURSION = YES;
				CLANG_WARN_INT_CONVERSION = YES;
				CLANG_WARN_NON_LITERAL_NULL_CONVERSION = YES;
				CLANG_WARN_OBJC_IMPLICIT_RETAIN_SELF = YES;
				CLANG_WARN_OBJC_LITERAL_CONVERSION = YES;
				CLANG_WARN_OBJC_ROOT_CLASS = YES_ERROR;
				CLANG_WARN_RANGE_LOOP_ANALYSIS = YES;
				CLANG_WARN_STRICT_PROTOTYPES = YES;
				CLANG_WARN_SUSPICIOUS_MOVE = YES;
				CLANG_WARN_UNGUARDED_AVAILABILITY = YES_AGGRESSIVE;
				CLANG_WARN_UNREACHABLE_CODE = YES;
				CLANG_WARN__DUPLICATE_METHOD_MATCH = YES;
				CODE_SIGN_IDENTITY = "iPhone Developer";
				COPY_PHASE_STRIP = NO;
				DEBUG_INFORMATION_FORMAT = "dwarf-with-dsym";
				ENABLE_NS_ASSERTIONS = NO;
				ENABLE_STRICT_OBJC_MSGSEND = YES;
				GCC_C_LANGUAGE_STANDARD = gnu11;
				GCC_NO_COMMON_BLOCKS = YES;
				GCC_WARN_64_TO_32_BIT_CONVERSION = YES;
				GCC_WARN_ABOUT_RETURN_TYPE = YES_ERROR;
				GCC_WARN_UNDECLARED_SELECTOR = YES;
				GCC_WARN_UNINITIALIZED_AUTOS = YES_AGGRESSIVE;
				GCC_WARN_UNUSED_FUNCTION = YES;
				GCC_WARN_UNUSED_VARIABLE = YES;
				IPHONEOS_DEPLOYMENT_TARGET = 12.0;
				MTL_ENABLE_DEBUG_INFO = NO;
				MTL_FAST_MATH = YES;
				SDKROOT = iphoneos;
				SWIFT_COMPILATION_MODE = wholemodule;
				SWIFT_OPTIMIZATION_LEVEL = "-O";
				VALIDATE_PRODUCT = YES;
			};
			name = Release;
		};
		FB4109992155E36800F90EA4 /* Debug */ = {
			isa = XCBuildConfiguration;
			buildSettings = {
				ASSETCATALOG_COMPILER_APPICON_NAME = AppIcon;
				CLANG_ENABLE_MODULES = YES;
				CODE_SIGN_STYLE = Automatic;
				DEVELOPMENT_TEAM = YQ85T79854;
				INFOPLIST_FILE = NewSlideMenu/Info.plist;
				LD_RUNPATH_SEARCH_PATHS = (
					"$(inherited)",
					"@executable_path/Frameworks",
				);
				PRODUCT_BUNDLE_IDENTIFIER = volumelabs.NewSlideMenu;
				PRODUCT_NAME = "$(TARGET_NAME)";
				SWIFT_OBJC_BRIDGING_HEADER = "NewSlideMenu/NewSlideMenu-Bridging-Header.h";
				SWIFT_OPTIMIZATION_LEVEL = "-Onone";
				SWIFT_VERSION = 4.2;
				TARGETED_DEVICE_FAMILY = "1,2";
			};
			name = Debug;
		};
		FB41099A2155E36800F90EA4 /* Release */ = {
			isa = XCBuildConfiguration;
			buildSettings = {
				ASSETCATALOG_COMPILER_APPICON_NAME = AppIcon;
				CLANG_ENABLE_MODULES = YES;
				CODE_SIGN_STYLE = Automatic;
				DEVELOPMENT_TEAM = YQ85T79854;
				INFOPLIST_FILE = NewSlideMenu/Info.plist;
				LD_RUNPATH_SEARCH_PATHS = (
					"$(inherited)",
					"@executable_path/Frameworks",
				);
				PRODUCT_BUNDLE_IDENTIFIER = volumelabs.NewSlideMenu;
				PRODUCT_NAME = "$(TARGET_NAME)";
				SWIFT_OBJC_BRIDGING_HEADER = "NewSlideMenu/NewSlideMenu-Bridging-Header.h";
				SWIFT_VERSION = 4.2;
				TARGETED_DEVICE_FAMILY = "1,2";
			};
			name = Release;
		};
/* End XCBuildConfiguration section */

/* Begin XCConfigurationList section */
		FB4109812155E36800F90EA4 /* Build configuration list for PBXProject "NewSlideMenu" */ = {
			isa = XCConfigurationList;
			buildConfigurations = (
				FB4109962155E36800F90EA4 /* Debug */,
				FB4109972155E36800F90EA4 /* Release */,
			);
			defaultConfigurationIsVisible = 0;
			defaultConfigurationName = Release;
		};
		FB4109982155E36800F90EA4 /* Build configuration list for PBXNativeTarget "NewSlideMenu" */ = {
			isa = XCConfigurationList;
			buildConfigurations = (
				FB4109992155E36800F90EA4 /* Debug */,
				FB41099A2155E36800F90EA4 /* Release */,
			);
			defaultConfigurationIsVisible = 0;
			defaultConfigurationName = Release;
		};
/* End XCConfigurationList section */
	};
	rootObject = FB41097E2155E36800F90EA4 /* Project object */;
}
